
Microsoft Visual Studio Solution File, Format Version 12.00
# Visual Studio Version 16
VisualStudioVersion = 16.0.31025.194
MinimumVisualStudioVersion = 10.0.40219.1
Project("{FAE04EC0-301F-11D3-BF4B-00C04F79EFBC}") = "WinFormApp", "WinFormApp\WinFormApp.csproj", "{52B85F69-614C-46AF-A5FB-99DE852D74A2}"
EndProject
Global
	GlobalSection(SolutionConfigurationPlatforms) = preSolution
		Debug|Any CPU = Debug|Any CPU
		Release|Any CPU = Release|Any CPU
	EndGlobalSection
	GlobalSection(ProjectConfigurationPlatforms) = postSolution
		{52B85F69-614C-46AF-A5FB-99DE852D74A2}.Debug|Any CPU.ActiveCfg = Debug|Any CPU
		{52B85F69-614C-46AF-A5FB-99DE852D74A2}.Debug|Any CPU.Build.0 = Debug|Any CPU
		{52B85F69-614C-46AF-A5FB-99DE852D74A2}.Release|Any CPU.ActiveCfg = Release|Any CPU
		{52B85F69-614C-46AF-A5FB-99DE852D74A2}.Release|Any CPU.Build.0 = Release|Any CPU
	EndGlobalSection
	GlobalSection(SolutionProperties) = preSolution
		HideSolutionNode = FALSE
	EndGlobalSection
	GlobalSection(ExtensibilityGlobals) = postSolution
		SolutionGuid = {3C58A5C5-BCCB-4C33-BEA8-6AFBD626A27D}
	EndGlobalSection
EndGlobal
